
Microsoft Visual Studio Solution File, Format Version 12.00
# Visual Studio Version 17
VisualStudioVersion = 17.5.33414.496
MinimumVisualStudioVersion = 10.0.40219.1
Project("{FAE04EC0-301F-11D3-BF4B-00C04F79EFBC}") = "ShopApp", "ShopApp\ShopApp.csproj", "{5894FEA4-5606-4563-9E3F-ED39A0095773}"
EndProject
Global
	GlobalSection(SolutionConfigurationPlatforms) = preSolution
		Debug|Any CPU = Debug|Any CPU
		Release|Any CPU = Release|Any CPU
	EndGlobalSection
	GlobalSection(ProjectConfigurationPlatforms) = postSolution
		{5894FEA4-5606-4563-9E3F-ED39A0095773}.Debug|Any CPU.ActiveCfg = Debug|Any CPU
		{5894FEA4-5606-4563-9E3F-ED39A0095773}.Debug|Any CPU.Build.0 = Debug|Any CPU
		{5894FEA4-5606-4563-9E3F-ED39A0095773}.Release|Any CPU.ActiveCfg = Release|Any CPU
		{5894FEA4-5606-4563-9E3F-ED39A0095773}.Release|Any CPU.Build.0 = Release|Any CPU
	EndGlobalSection
	GlobalSection(SolutionProperties) = preSolution
		HideSolutionNode = FALSE
	EndGlobalSection
	GlobalSection(ExtensibilityGlobals) = postSolution
		SolutionGuid = {DAFE0C4C-FD84-489F-A254-4DEB246006D1}
	EndGlobalSection
EndGlobal
